// !$*UTF8*$!
{
	archiveVersion = 1;
	classes = {
	};
	objectVersion = 48;
	objects = {

/* Begin PBXBuildFile section */
		170781EC204EC35E00A87182 /* NLQuestApi.swift in Sources */ = {isa = PBXBuildFile; fileRef = 170781EB204EC35E00A87182 /* NLQuestApi.swift */; };
		17188A3F20A7763000822881 /* Rating.swift in Sources */ = {isa = PBXBuildFile; fileRef = 17188A3E20A7763000822881 /* Rating.swift */; };
		1728CED620442E69005D9A63 /* Quest.swift in Sources */ = {isa = PBXBuildFile; fileRef = 1728CED520442E69005D9A63 /* Quest.swift */; };
		1728CED82044328E005D9A63 /* Person.swift in Sources */ = {isa = PBXBuildFile; fileRef = 1728CED72044328E005D9A63 /* Person.swift */; };
		1728CEDA204433EB005D9A63 /* Proof.swift in Sources */ = {isa = PBXBuildFile; fileRef = 1728CED9204433EB005D9A63 /* Proof.swift */; };
		1728CEDD204434ED005D9A63 /* QuestApi.swift in Sources */ = {isa = PBXBuildFile; fileRef = 1728CEDC204434ED005D9A63 /* QuestApi.swift */; };
		1728CEDF2044378C005D9A63 /* ApiResponse.swift in Sources */ = {isa = PBXBuildFile; fileRef = 1728CEDE2044378C005D9A63 /* ApiResponse.swift */; };
		1728CEE1204437F9005D9A63 /* QuestApiResponse.swift in Sources */ = {isa = PBXBuildFile; fileRef = 1728CEE0204437F9005D9A63 /* QuestApiResponse.swift */; };
		1735D219207A7CD60011A095 /* UserInfo.swift in Sources */ = {isa = PBXBuildFile; fileRef = 1735D218207A7CD60011A095 /* UserInfo.swift */; };
		174CB46420AB698100F20BA1 /* UIViewController+Extension.swift in Sources */ = {isa = PBXBuildFile; fileRef = 174CB46320AB698100F20BA1 /* UIViewController+Extension.swift */; };
		174CB46620AB769E00F20BA1 /* DudeCell.swift in Sources */ = {isa = PBXBuildFile; fileRef = 174CB46520AB769E00F20BA1 /* DudeCell.swift */; };
		174CB46820AB80CF00F20BA1 /* PeopleListController.swift in Sources */ = {isa = PBXBuildFile; fileRef = 174CB46720AB80CF00F20BA1 /* PeopleListController.swift */; };
		1754BA9720378E91008B2C44 /* CardView.swift in Sources */ = {isa = PBXBuildFile; fileRef = 1754BA9620378E91008B2C44 /* CardView.swift */; };
		1754DFC72067AB10006D4911 /* Time.swift in Sources */ = {isa = PBXBuildFile; fileRef = 1754DFC62067AB10006D4911 /* Time.swift */; };
		17579BDD20406177005F74B5 /* RegistrationField.swift in Sources */ = {isa = PBXBuildFile; fileRef = 17579BDC20406177005F74B5 /* RegistrationField.swift */; };
		17579BE0204083EE005F74B5 /* SwiftSpinner.swift in Sources */ = {isa = PBXBuildFile; fileRef = 17579BDF204083EE005F74B5 /* SwiftSpinner.swift */; };
		175E4620206E20A800F67DB2 /* SettingsViewController.swift in Sources */ = {isa = PBXBuildFile; fileRef = 175E461F206E20A800F67DB2 /* SettingsViewController.swift */; };
		17660C3B207A5E12002DA972 /* NLProfileApi.swift in Sources */ = {isa = PBXBuildFile; fileRef = 17660C3A207A5E12002DA972 /* NLProfileApi.swift */; };
		176635F2203886CB003D76A8 /* Assets.xcassets in Resources */ = {isa = PBXBuildFile; fileRef = 176635F1203886CA003D76A8 /* Assets.xcassets */; };
		176635F420388B19003D76A8 /* RoundedImage.swift in Sources */ = {isa = PBXBuildFile; fileRef = 176635F320388B19003D76A8 /* RoundedImage.swift */; };
		176755452039FD0100490BEB /* Checkbox.swift in Sources */ = {isa = PBXBuildFile; fileRef = 176755442039FD0100490BEB /* Checkbox.swift */; };
		176755472039FF9D00490BEB /* RegistrerViewController.swift in Sources */ = {isa = PBXBuildFile; fileRef = 176755462039FF9D00490BEB /* RegistrerViewController.swift */; };
		176E63172035BE2600DCAC3F /* AuthViewController.swift in Sources */ = {isa = PBXBuildFile; fileRef = 176E63162035BE2600DCAC3F /* AuthViewController.swift */; };
		176E63192035BE4B00DCAC3F /* ProfileViewController.swift in Sources */ = {isa = PBXBuildFile; fileRef = 176E63182035BE4B00DCAC3F /* ProfileViewController.swift */; };
		176E631B2035BE5400DCAC3F /* FeedViewController.swift in Sources */ = {isa = PBXBuildFile; fileRef = 176E631A2035BE5400DCAC3F /* FeedViewController.swift */; };
		176E631D2035BE6A00DCAC3F /* SeachScreenViewController.swift in Sources */ = {isa = PBXBuildFile; fileRef = 176E631C2035BE6A00DCAC3F /* SeachScreenViewController.swift */; };
		176E63202035BE8000DCAC3F /* GroupsViewController.swift in Sources */ = {isa = PBXBuildFile; fileRef = 176E631F2035BE8000DCAC3F /* GroupsViewController.swift */; };
		176E63222035BE8900DCAC3F /* MyChallangesViewController.swift in Sources */ = {isa = PBXBuildFile; fileRef = 176E63212035BE8900DCAC3F /* MyChallangesViewController.swift */; };
		176E63312035C71F00DCAC3F /* LaunchScreen.storyboard in Resources */ = {isa = PBXBuildFile; fileRef = 176E63302035C71F00DCAC3F /* LaunchScreen.storyboard */; };
		177882B5207D5A7C0088AF95 /* Group.swift in Sources */ = {isa = PBXBuildFile; fileRef = 177882B4207D5A7C0088AF95 /* Group.swift */; };
		177882B8207D5B0D0088AF95 /* GroupCell.swift in Sources */ = {isa = PBXBuildFile; fileRef = 177882B7207D5B0D0088AF95 /* GroupCell.swift */; };
		179F4C3B2059A2C10084E095 /* ProofSubmitViewController.swift in Sources */ = {isa = PBXBuildFile; fileRef = 179F4C3A2059A2C10084E095 /* ProofSubmitViewController.swift */; };
		17A56BE82034640A00A4FC72 /* AppDelegate.swift in Sources */ = {isa = PBXBuildFile; fileRef = 17A56BE72034640A00A4FC72 /* AppDelegate.swift */; };
		17A56BEF2034640A00A4FC72 /* Main.storyboard in Resources */ = {isa = PBXBuildFile; fileRef = 17A56BED2034640A00A4FC72 /* Main.storyboard */; };
		17A56BF42034640A00A4FC72 /* Auth.storyboard in Resources */ = {isa = PBXBuildFile; fileRef = 17A56BF22034640A00A4FC72 /* Auth.storyboard */; };
		17A56BFF2034640B00A4FC72 /* NeverlandTests.swift in Sources */ = {isa = PBXBuildFile; fileRef = 17A56BFE2034640B00A4FC72 /* NeverlandTests.swift */; };
		17A56C0A2034640B00A4FC72 /* NeverlandUITests.swift in Sources */ = {isa = PBXBuildFile; fileRef = 17A56C092034640B00A4FC72 /* NeverlandUITests.swift */; };
		17ADF27820402FCE0061BA47 /* String+Extension.swift in Sources */ = {isa = PBXBuildFile; fileRef = 17ADF27720402FCE0061BA47 /* String+Extension.swift */; };
		17B96E00204DC551001F22D2 /* Array+Extension.swift in Sources */ = {isa = PBXBuildFile; fileRef = 17B96DFF204DC551001F22D2 /* Array+Extension.swift */; };
		17CB3C4B203F6D92006EF6D5 /* RegistrationData.swift in Sources */ = {isa = PBXBuildFile; fileRef = 17CB3C4A203F6D92006EF6D5 /* RegistrationData.swift */; };
		17CB3C4D203F6F0B006EF6D5 /* AuthApi.swift in Sources */ = {isa = PBXBuildFile; fileRef = 17CB3C4C203F6F0B006EF6D5 /* AuthApi.swift */; };
		17CB3C4F203F7030006EF6D5 /* FakeAuthApi.swift in Sources */ = {isa = PBXBuildFile; fileRef = 17CB3C4E203F7030006EF6D5 /* FakeAuthApi.swift */; };
		17CB3C51203F70AC006EF6D5 /* UserData.swift in Sources */ = {isa = PBXBuildFile; fileRef = 17CB3C50203F70AC006EF6D5 /* UserData.swift */; };
		17CB3C53203F7203006EF6D5 /* AuthApiResponse.swift in Sources */ = {isa = PBXBuildFile; fileRef = 17CB3C52203F7203006EF6D5 /* AuthApiResponse.swift */; };
		17E15A872038282000027634 /* NewQuestViewController.swift in Sources */ = {isa = PBXBuildFile; fileRef = 17E15A862038282000027634 /* NewQuestViewController.swift */; };
		17E15A89203828B500027634 /* QuestDetailedViewController.swift in Sources */ = {isa = PBXBuildFile; fileRef = 17E15A88203828B500027634 /* QuestDetailedViewController.swift */; };
		17E15A8B20382A2500027634 /* QuestInfoCell.swift in Sources */ = {isa = PBXBuildFile; fileRef = 17E15A8A20382A2500027634 /* QuestInfoCell.swift */; };
		17E6B5F4204585CC002EC1D2 /* BorderedTextView.swift in Sources */ = {isa = PBXBuildFile; fileRef = 17E6B5F3204585CC002EC1D2 /* BorderedTextView.swift */; };
		17EC569B2067FA1B0011327D /* ProofPhotoCell.swift in Sources */ = {isa = PBXBuildFile; fileRef = 17EC569A2067FA1B0011327D /* ProofPhotoCell.swift */; };
		17EC569D206807420011327D /* UIImageView+Extension.swift in Sources */ = {isa = PBXBuildFile; fileRef = 17EC569C206807420011327D /* UIImageView+Extension.swift */; };
		17EC63122044755A008668FC /* SuggestQuestViewController.swift in Sources */ = {isa = PBXBuildFile; fileRef = 17EC63112044755A008668FC /* SuggestQuestViewController.swift */; };
		17F93FD3204886580074D74A /* NLConfirmationPopupService.swift in Sources */ = {isa = PBXBuildFile; fileRef = 17F93FD2204886580074D74A /* NLConfirmationPopupService.swift */; };
		17F93FD520488B9F0074D74A /* NLAuthApi.swift in Sources */ = {isa = PBXBuildFile; fileRef = 17F93FD420488B9F0074D74A /* NLAuthApi.swift */; };
		17FB6953203DF88E008F9057 /* User.swift in Sources */ = {isa = PBXBuildFile; fileRef = 17FB6952203DF88E008F9057 /* User.swift */; };
		17FB695C203DFFEE008F9057 /* UIColor+Extension.swift in Sources */ = {isa = PBXBuildFile; fileRef = 17FB695B203DFFEE008F9057 /* UIColor+Extension.swift */; };
		17FD09C8207D4DDB00B4A2C7 /* NLGroupApi.swift in Sources */ = {isa = PBXBuildFile; fileRef = 17FD09C7207D4DDB00B4A2C7 /* NLGroupApi.swift */; };
		17FD09CB207D4E9600B4A2C7 /* GroupApiResponse.swift in Sources */ = {isa = PBXBuildFile; fileRef = 17FD09CA207D4E9600B4A2C7 /* GroupApiResponse.swift */; };
		17FD09CD207D579700B4A2C7 /* SearchGroupViewController.swift in Sources */ = {isa = PBXBuildFile; fileRef = 17FD09CC207D579700B4A2C7 /* SearchGroupViewController.swift */; };
		17FD829720374139004A33E7 /* FeedCell.swift in Sources */ = {isa = PBXBuildFile; fileRef = 17FD829620374139004A33E7 /* FeedCell.swift */; };
		17FD829A20375FB5004A33E7 /* QuestCell.swift in Sources */ = {isa = PBXBuildFile; fileRef = 17FD829920375FB5004A33E7 /* QuestCell.swift */; };
		C013047877C178077CE31EE2 /* Pods_NeverlandTests.framework in Frameworks */ = {isa = PBXBuildFile; fileRef = 8C6AC89EC62EB04AA7731387 /* Pods_NeverlandTests.framework */; };
		C997E061E2205C90C680C2E6 /* Pods_Neverland.framework in Frameworks */ = {isa = PBXBuildFile; fileRef = 8C3CDEC6E87F45D9DD974BFD /* Pods_Neverland.framework */; };
		E984A8B64E5CFD9F1821E332 /* Pods_NeverlandUITests.framework in Frameworks */ = {isa = PBXBuildFile; fileRef = EC2ED15AC7D437E98ADAAD63 /* Pods_NeverlandUITests.framework */; };
/* End PBXBuildFile section */

/* Begin PBXContainerItemProxy section */
		17A56BFB2034640B00A4FC72 /* PBXContainerItemProxy */ = {
			isa = PBXContainerItemProxy;
			containerPortal = 17A56BDC2034640A00A4FC72 /* Project object */;
			proxyType = 1;
			remoteGlobalIDString = 17A56BE32034640A00A4FC72;
			remoteInfo = Neverland;
		};
		17A56C062034640B00A4FC72 /* PBXContainerItemProxy */ = {
			isa = PBXContainerItemProxy;
			containerPortal = 17A56BDC2034640A00A4FC72 /* Project object */;
			proxyType = 1;
			remoteGlobalIDString = 17A56BE32034640A00A4FC72;
			remoteInfo = Neverland;
		};
/* End PBXContainerItemProxy section */

/* Begin PBXFileReference section */
		007368B7193B447D293D8F32 /* Pods-NeverlandTests.debug.xcconfig */ = {isa = PBXFileReference; includeInIndex = 1; lastKnownFileType = text.xcconfig; name = "Pods-NeverlandTests.debug.xcconfig"; path = "Pods/Target Support Files/Pods-NeverlandTests/Pods-NeverlandTests.debug.xcconfig"; sourceTree = "<group>"; };
		039967FE515E1539BA364656 /* Pods-NeverlandTests.release.xcconfig */ = {isa = PBXFileReference; includeInIndex = 1; lastKnownFileType = text.xcconfig; name = "Pods-NeverlandTests.release.xcconfig"; path = "Pods/Target Support Files/Pods-NeverlandTests/Pods-NeverlandTests.release.xcconfig"; sourceTree = "<group>"; };
		170781EB204EC35E00A87182 /* NLQuestApi.swift */ = {isa = PBXFileReference; lastKnownFileType = sourcecode.swift; path = NLQuestApi.swift; sourceTree = "<group>"; };
		17188A3E20A7763000822881 /* Rating.swift */ = {isa = PBXFileReference; lastKnownFileType = sourcecode.swift; path = Rating.swift; sourceTree = "<group>"; };
		1728CED520442E69005D9A63 /* Quest.swift */ = {isa = PBXFileReference; lastKnownFileType = sourcecode.swift; path = Quest.swift; sourceTree = "<group>"; };
		1728CED72044328E005D9A63 /* Person.swift */ = {isa = PBXFileReference; lastKnownFileType = sourcecode.swift; path = Person.swift; sourceTree = "<group>"; };
		1728CED9204433EB005D9A63 /* Proof.swift */ = {isa = PBXFileReference; lastKnownFileType = sourcecode.swift; path = Proof.swift; sourceTree = "<group>"; };
		1728CEDC204434ED005D9A63 /* QuestApi.swift */ = {isa = PBXFileReference; lastKnownFileType = sourcecode.swift; path = QuestApi.swift; sourceTree = "<group>"; };
		1728CEDE2044378C005D9A63 /* ApiResponse.swift */ = {isa = PBXFileReference; lastKnownFileType = sourcecode.swift; path = ApiResponse.swift; sourceTree = "<group>"; };
		1728CEE0204437F9005D9A63 /* QuestApiResponse.swift */ = {isa = PBXFileReference; lastKnownFileType = sourcecode.swift; path = QuestApiResponse.swift; sourceTree = "<group>"; };
		1735D218207A7CD60011A095 /* UserInfo.swift */ = {isa = PBXFileReference; lastKnownFileType = sourcecode.swift; path = UserInfo.swift; sourceTree = "<group>"; };
		174CB46320AB698100F20BA1 /* UIViewController+Extension.swift */ = {isa = PBXFileReference; lastKnownFileType = sourcecode.swift; path = "UIViewController+Extension.swift"; sourceTree = "<group>"; };
		174CB46520AB769E00F20BA1 /* DudeCell.swift */ = {isa = PBXFileReference; lastKnownFileType = sourcecode.swift; path = DudeCell.swift; sourceTree = "<group>"; };
		174CB46720AB80CF00F20BA1 /* PeopleListController.swift */ = {isa = PBXFileReference; lastKnownFileType = sourcecode.swift; path = PeopleListController.swift; sourceTree = "<group>"; };
		1754BA9620378E91008B2C44 /* CardView.swift */ = {isa = PBXFileReference; lastKnownFileType = sourcecode.swift; path = CardView.swift; sourceTree = "<group>"; };
		1754DFC62067AB10006D4911 /* Time.swift */ = {isa = PBXFileReference; lastKnownFileType = sourcecode.swift; path = Time.swift; sourceTree = "<group>"; };
		17579BDC20406177005F74B5 /* RegistrationField.swift */ = {isa = PBXFileReference; lastKnownFileType = sourcecode.swift; name = RegistrationField.swift; path = Neverland/AccountManagement/View/RegistrationField.swift; sourceTree = SOURCE_ROOT; };
		17579BDF204083EE005F74B5 /* SwiftSpinner.swift */ = {isa = PBXFileReference; fileEncoding = 4; lastKnownFileType = sourcecode.swift; path = SwiftSpinner.swift; sourceTree = "<group>"; };
		175E461F206E20A800F67DB2 /* SettingsViewController.swift */ = {isa = PBXFileReference; lastKnownFileType = sourcecode.swift; path = SettingsViewController.swift; sourceTree = "<group>"; };
		17660C3A207A5E12002DA972 /* NLProfileApi.swift */ = {isa = PBXFileReference; lastKnownFileType = sourcecode.swift; path = NLProfileApi.swift; sourceTree = "<group>"; };
		176635F1203886CA003D76A8 /* Assets.xcassets */ = {isa = PBXFileReference; lastKnownFileType = folder.assetcatalog; path = Assets.xcassets; sourceTree = "<group>"; };
		176635F320388B19003D76A8 /* RoundedImage.swift */ = {isa = PBXFileReference; lastKnownFileType = sourcecode.swift; path = RoundedImage.swift; sourceTree = "<group>"; };
		176755442039FD0100490BEB /* Checkbox.swift */ = {isa = PBXFileReference; lastKnownFileType = sourcecode.swift; path = Checkbox.swift; sourceTree = "<group>"; };
		176755462039FF9D00490BEB /* RegistrerViewController.swift */ = {isa = PBXFileReference; lastKnownFileType = sourcecode.swift; path = RegistrerViewController.swift; sourceTree = "<group>"; };
		176E63162035BE2600DCAC3F /* AuthViewController.swift */ = {isa = PBXFileReference; lastKnownFileType = sourcecode.swift; path = AuthViewController.swift; sourceTree = "<group>"; };
		176E63182035BE4B00DCAC3F /* ProfileViewController.swift */ = {isa = PBXFileReference; lastKnownFileType = sourcecode.swift; path = ProfileViewController.swift; sourceTree = "<group>"; };
		176E631A2035BE5400DCAC3F /* FeedViewController.swift */ = {isa = PBXFileReference; lastKnownFileType = sourcecode.swift; path = FeedViewController.swift; sourceTree = "<group>"; };
		176E631C2035BE6A00DCAC3F /* SeachScreenViewController.swift */ = {isa = PBXFileReference; lastKnownFileType = sourcecode.swift; path = SeachScreenViewController.swift; sourceTree = "<group>"; };
		176E631F2035BE8000DCAC3F /* GroupsViewController.swift */ = {isa = PBXFileReference; lastKnownFileType = sourcecode.swift; path = GroupsViewController.swift; sourceTree = "<group>"; };
		176E63212035BE8900DCAC3F /* MyChallangesViewController.swift */ = {isa = PBXFileReference; lastKnownFileType = sourcecode.swift; path = MyChallangesViewController.swift; sourceTree = "<group>"; };
		176E63302035C71F00DCAC3F /* LaunchScreen.storyboard */ = {isa = PBXFileReference; lastKnownFileType = file.storyboard; path = LaunchScreen.storyboard; sourceTree = "<group>"; };
		177882B4207D5A7C0088AF95 /* Group.swift */ = {isa = PBXFileReference; lastKnownFileType = sourcecode.swift; path = Group.swift; sourceTree = "<group>"; };
		177882B7207D5B0D0088AF95 /* GroupCell.swift */ = {isa = PBXFileReference; lastKnownFileType = sourcecode.swift; path = GroupCell.swift; sourceTree = "<group>"; };
		179F4C3A2059A2C10084E095 /* ProofSubmitViewController.swift */ = {isa = PBXFileReference; lastKnownFileType = sourcecode.swift; path = ProofSubmitViewController.swift; sourceTree = "<group>"; };
		17A56BE42034640A00A4FC72 /* Neverland.app */ = {isa = PBXFileReference; explicitFileType = wrapper.application; includeInIndex = 0; path = Neverland.app; sourceTree = BUILT_PRODUCTS_DIR; };
		17A56BE72034640A00A4FC72 /* AppDelegate.swift */ = {isa = PBXFileReference; lastKnownFileType = sourcecode.swift; path = AppDelegate.swift; sourceTree = "<group>"; };
		17A56BEE2034640A00A4FC72 /* Base */ = {isa = PBXFileReference; lastKnownFileType = file.storyboard; name = Base; path = Base.lproj/Main.storyboard; sourceTree = "<group>"; };
		17A56BF32034640A00A4FC72 /* Base */ = {isa = PBXFileReference; lastKnownFileType = file.storyboard; name = Base; path = Base.lproj/Auth.storyboard; sourceTree = "<group>"; };
		17A56BF52034640A00A4FC72 /* Info.plist */ = {isa = PBXFileReference; lastKnownFileType = text.plist.xml; path = Info.plist; sourceTree = "<group>"; };
		17A56BFA2034640B00A4FC72 /* NeverlandTests.xctest */ = {isa = PBXFileReference; explicitFileType = wrapper.cfbundle; includeInIndex = 0; path = NeverlandTests.xctest; sourceTree = BUILT_PRODUCTS_DIR; };
		17A56BFE2034640B00A4FC72 /* NeverlandTests.swift */ = {isa = PBXFileReference; lastKnownFileType = sourcecode.swift; path = NeverlandTests.swift; sourceTree = "<group>"; };
		17A56C002034640B00A4FC72 /* Info.plist */ = {isa = PBXFileReference; lastKnownFileType = text.plist.xml; path = Info.plist; sourceTree = "<group>"; };
		17A56C052034640B00A4FC72 /* NeverlandUITests.xctest */ = {isa = PBXFileReference; explicitFileType = wrapper.cfbundle; includeInIndex = 0; path = NeverlandUITests.xctest; sourceTree = BUILT_PRODUCTS_DIR; };
		17A56C092034640B00A4FC72 /* NeverlandUITests.swift */ = {isa = PBXFileReference; lastKnownFileType = sourcecode.swift; path = NeverlandUITests.swift; sourceTree = "<group>"; };
		17A56C0B2034640B00A4FC72 /* Info.plist */ = {isa = PBXFileReference; lastKnownFileType = text.plist.xml; path = Info.plist; sourceTree = "<group>"; };
		17ADF27720402FCE0061BA47 /* String+Extension.swift */ = {isa = PBXFileReference; lastKnownFileType = sourcecode.swift; path = "String+Extension.swift"; sourceTree = "<group>"; };
		17B96DFF204DC551001F22D2 /* Array+Extension.swift */ = {isa = PBXFileReference; lastKnownFileType = sourcecode.swift; path = "Array+Extension.swift"; sourceTree = "<group>"; };
		17CB3C4A203F6D92006EF6D5 /* RegistrationData.swift */ = {isa = PBXFileReference; lastKnownFileType = sourcecode.swift; path = RegistrationData.swift; sourceTree = "<group>"; };
		17CB3C4C203F6F0B006EF6D5 /* AuthApi.swift */ = {isa = PBXFileReference; lastKnownFileType = sourcecode.swift; path = AuthApi.swift; sourceTree = "<group>"; };
		17CB3C4E203F7030006EF6D5 /* FakeAuthApi.swift */ = {isa = PBXFileReference; lastKnownFileType = sourcecode.swift; path = FakeAuthApi.swift; sourceTree = "<group>"; };
		17CB3C50203F70AC006EF6D5 /* UserData.swift */ = {isa = PBXFileReference; lastKnownFileType = sourcecode.swift; path = UserData.swift; sourceTree = "<group>"; };
		17CB3C52203F7203006EF6D5 /* AuthApiResponse.swift */ = {isa = PBXFileReference; lastKnownFileType = sourcecode.swift; path = AuthApiResponse.swift; sourceTree = "<group>"; };
		17E15A862038282000027634 /* NewQuestViewController.swift */ = {isa = PBXFileReference; lastKnownFileType = sourcecode.swift; path = NewQuestViewController.swift; sourceTree = "<group>"; };
		17E15A88203828B500027634 /* QuestDetailedViewController.swift */ = {isa = PBXFileReference; lastKnownFileType = sourcecode.swift; path = QuestDetailedViewController.swift; sourceTree = "<group>"; };
		17E15A8A20382A2500027634 /* QuestInfoCell.swift */ = {isa = PBXFileReference; lastKnownFileType = sourcecode.swift; path = QuestInfoCell.swift; sourceTree = "<group>"; };
		17E6B5F3204585CC002EC1D2 /* BorderedTextView.swift */ = {isa = PBXFileReference; lastKnownFileType = sourcecode.swift; path = BorderedTextView.swift; sourceTree = "<group>"; };
		17EC569A2067FA1B0011327D /* ProofPhotoCell.swift */ = {isa = PBXFileReference; lastKnownFileType = sourcecode.swift; path = ProofPhotoCell.swift; sourceTree = "<group>"; };
		17EC569C206807420011327D /* UIImageView+Extension.swift */ = {isa = PBXFileReference; lastKnownFileType = sourcecode.swift; path = "UIImageView+Extension.swift"; sourceTree = "<group>"; };
		17EC63112044755A008668FC /* SuggestQuestViewController.swift */ = {isa = PBXFileReference; lastKnownFileType = sourcecode.swift; path = SuggestQuestViewController.swift; sourceTree = "<group>"; };
		17F93FD2204886580074D74A /* NLConfirmationPopupService.swift */ = {isa = PBXFileReference; lastKnownFileType = sourcecode.swift; path = NLConfirmationPopupService.swift; sourceTree = "<group>"; };
		17F93FD420488B9F0074D74A /* NLAuthApi.swift */ = {isa = PBXFileReference; lastKnownFileType = sourcecode.swift; path = NLAuthApi.swift; sourceTree = "<group>"; };
		17FB6952203DF88E008F9057 /* User.swift */ = {isa = PBXFileReference; lastKnownFileType = sourcecode.swift; path = User.swift; sourceTree = "<group>"; };
		17FB695B203DFFEE008F9057 /* UIColor+Extension.swift */ = {isa = PBXFileReference; lastKnownFileType = sourcecode.swift; path = "UIColor+Extension.swift"; sourceTree = "<group>"; };
		17FD09C7207D4DDB00B4A2C7 /* NLGroupApi.swift */ = {isa = PBXFileReference; lastKnownFileType = sourcecode.swift; path = NLGroupApi.swift; sourceTree = "<group>"; };
		17FD09CA207D4E9600B4A2C7 /* GroupApiResponse.swift */ = {isa = PBXFileReference; lastKnownFileType = sourcecode.swift; path = GroupApiResponse.swift; sourceTree = "<group>"; };
		17FD09CC207D579700B4A2C7 /* SearchGroupViewController.swift */ = {isa = PBXFileReference; lastKnownFileType = sourcecode.swift; path = SearchGroupViewController.swift; sourceTree = "<group>"; };
		17FD829620374139004A33E7 /* FeedCell.swift */ = {isa = PBXFileReference; lastKnownFileType = sourcecode.swift; path = FeedCell.swift; sourceTree = "<group>"; };
		17FD829920375FB5004A33E7 /* QuestCell.swift */ = {isa = PBXFileReference; lastKnownFileType = sourcecode.swift; path = QuestCell.swift; sourceTree = "<group>"; };
		809EDFEEEC5376C0CE79D22A /* Pods-Neverland.release.xcconfig */ = {isa = PBXFileReference; includeInIndex = 1; lastKnownFileType = text.xcconfig; name = "Pods-Neverland.release.xcconfig"; path = "Pods/Target Support Files/Pods-Neverland/Pods-Neverland.release.xcconfig"; sourceTree = "<group>"; };
		8C3CDEC6E87F45D9DD974BFD /* Pods_Neverland.framework */ = {isa = PBXFileReference; explicitFileType = wrapper.framework; includeInIndex = 0; path = Pods_Neverland.framework; sourceTree = BUILT_PRODUCTS_DIR; };
		8C6AC89EC62EB04AA7731387 /* Pods_NeverlandTests.framework */ = {isa = PBXFileReference; explicitFileType = wrapper.framework; includeInIndex = 0; path = Pods_NeverlandTests.framework; sourceTree = BUILT_PRODUCTS_DIR; };
		93825C63808762564C05BE72 /* Pods-NeverlandUITests.release.xcconfig */ = {isa = PBXFileReference; includeInIndex = 1; lastKnownFileType = text.xcconfig; name = "Pods-NeverlandUITests.release.xcconfig"; path = "Pods/Target Support Files/Pods-NeverlandUITests/Pods-NeverlandUITests.release.xcconfig"; sourceTree = "<group>"; };
		AAD522AEDC33965EE085D77E /* Pods-NeverlandUITests.debug.xcconfig */ = {isa = PBXFileReference; includeInIndex = 1; lastKnownFileType = text.xcconfig; name = "Pods-NeverlandUITests.debug.xcconfig"; path = "Pods/Target Support Files/Pods-NeverlandUITests/Pods-NeverlandUITests.debug.xcconfig"; sourceTree = "<group>"; };
		CF1259D2715830E0E9415AEF /* Pods-Neverland.debug.xcconfig */ = {isa = PBXFileReference; includeInIndex = 1; lastKnownFileType = text.xcconfig; name = "Pods-Neverland.debug.xcconfig"; path = "Pods/Target Support Files/Pods-Neverland/Pods-Neverland.debug.xcconfig"; sourceTree = "<group>"; };
		EC2ED15AC7D437E98ADAAD63 /* Pods_NeverlandUITests.framework */ = {isa = PBXFileReference; explicitFileType = wrapper.framework; includeInIndex = 0; path = Pods_NeverlandUITests.framework; sourceTree = BUILT_PRODUCTS_DIR; };
/* End PBXFileReference section */

/* Begin PBXFrameworksBuildPhase section */
		17A56BE12034640A00A4FC72 /* Frameworks */ = {
			isa = PBXFrameworksBuildPhase;
			buildActionMask = 2147483647;
			files = (
				C997E061E2205C90C680C2E6 /* Pods_Neverland.framework in Frameworks */,
			);
			runOnlyForDeploymentPostprocessing = 0;
		};
		17A56BF72034640B00A4FC72 /* Frameworks */ = {
			isa = PBXFrameworksBuildPhase;
			buildActionMask = 2147483647;
			files = (
				C013047877C178077CE31EE2 /* Pods_NeverlandTests.framework in Frameworks */,
			);
			runOnlyForDeploymentPostprocessing = 0;
		};
		17A56C022034640B00A4FC72 /* Frameworks */ = {
			isa = PBXFrameworksBuildPhase;
			buildActionMask = 2147483647;
			files = (
				E984A8B64E5CFD9F1821E332 /* Pods_NeverlandUITests.framework in Frameworks */,
			);
			runOnlyForDeploymentPostprocessing = 0;
		};
/* End PBXFrameworksBuildPhase section */

/* Begin PBXGroup section */
		172176532042F0CA00A1A2E2 /* AccountManagement */ = {
			isa = PBXGroup;
			children = (
				172176572042F11200A1A2E2 /* Controllers */,
				172176562042F10400A1A2E2 /* View */,
				172176552042F0F100A1A2E2 /* Models */,
				172176542042F0D900A1A2E2 /* Networking */,
			);
			path = AccountManagement;
			sourceTree = "<group>";
		};
		172176542042F0D900A1A2E2 /* Networking */ = {
			isa = PBXGroup;
			children = (
				17CB3C4C203F6F0B006EF6D5 /* AuthApi.swift */,
				17CB3C4E203F7030006EF6D5 /* FakeAuthApi.swift */,
				17F93FD420488B9F0074D74A /* NLAuthApi.swift */,
			);
			path = Networking;
			sourceTree = "<group>";
		};
		172176552042F0F100A1A2E2 /* Models */ = {
			isa = PBXGroup;
			children = (
				17FB6952203DF88E008F9057 /* User.swift */,
				17CB3C4A203F6D92006EF6D5 /* RegistrationData.swift */,
				17CB3C50203F70AC006EF6D5 /* UserData.swift */,
				17CB3C52203F7203006EF6D5 /* AuthApiResponse.swift */,
			);
			path = Models;
			sourceTree = "<group>";
		};
		172176562042F10400A1A2E2 /* View */ = {
			isa = PBXGroup;
			children = (
				17A56BF22034640A00A4FC72 /* Auth.storyboard */,
				17579BDC20406177005F74B5 /* RegistrationField.swift */,
			);
			path = View;
			sourceTree = "<group>";
		};
		172176572042F11200A1A2E2 /* Controllers */ = {
			isa = PBXGroup;
			children = (
				176E63162035BE2600DCAC3F /* AuthViewController.swift */,
				176755462039FF9D00490BEB /* RegistrerViewController.swift */,
			);
			path = Controllers;
			sourceTree = "<group>";
		};
		172176582042F12B00A1A2E2 /* Quests */ = {
			isa = PBXGroup;
			children = (
				1728CEDB204434AF005D9A63 /* Networking */,
				1728CED320442E56005D9A63 /* Models */,
				1721765A2042F15C00A1A2E2 /* Controllers */,
				172176592042F13D00A1A2E2 /* Views */,
			);
			path = Quests;
			sourceTree = "<group>";
		};
		172176592042F13D00A1A2E2 /* Views */ = {
			isa = PBXGroup;
			children = (
				17FD829920375FB5004A33E7 /* QuestCell.swift */,
				17E15A8A20382A2500027634 /* QuestInfoCell.swift */,
				17E6B5F3204585CC002EC1D2 /* BorderedTextView.swift */,
				17F93FD2204886580074D74A /* NLConfirmationPopupService.swift */,
				17EC569A2067FA1B0011327D /* ProofPhotoCell.swift */,
			);
			path = Views;
			sourceTree = "<group>";
		};
		1721765A2042F15C00A1A2E2 /* Controllers */ = {
			isa = PBXGroup;
			children = (
				176E63212035BE8900DCAC3F /* MyChallangesViewController.swift */,
				17E15A862038282000027634 /* NewQuestViewController.swift */,
				17E15A88203828B500027634 /* QuestDetailedViewController.swift */,
				17EC63112044755A008668FC /* SuggestQuestViewController.swift */,
				179F4C3A2059A2C10084E095 /* ProofSubmitViewController.swift */,
			);
			path = Controllers;
			sourceTree = "<group>";
		};
		1721765B2042F18400A1A2E2 /* Feed */ = {
			isa = PBXGroup;
			children = (
				17EC569E206808120011327D /* Views */,
				1721765C2042F18C00A1A2E2 /* Controllers */,
			);
			path = Feed;
			sourceTree = "<group>";
		};
		1721765C2042F18C00A1A2E2 /* Controllers */ = {
			isa = PBXGroup;
			children = (
				176E631A2035BE5400DCAC3F /* FeedViewController.swift */,
			);
			path = Controllers;
			sourceTree = "<group>";
		};
		1721765D2042F19800A1A2E2 /* Groups */ = {
			isa = PBXGroup;
			children = (
				177882B6207D5AFA0088AF95 /* View */,
				17FD09C9207D4E8900B4A2C7 /* Models */,
				17FD09C6207D4DC000B4A2C7 /*  Networking */,
				1721765E2042F19D00A1A2E2 /* Controllers */,
			);
			path = Groups;
			sourceTree = "<group>";
		};
		1721765E2042F19D00A1A2E2 /* Controllers */ = {
			isa = PBXGroup;
			children = (
				176E631F2035BE8000DCAC3F /* GroupsViewController.swift */,
				17FD09CC207D579700B4A2C7 /* SearchGroupViewController.swift */,
			);
			path = Controllers;
			sourceTree = "<group>";
		};
		1721765F2042F1B900A1A2E2 /* Common */ = {
			isa = PBXGroup;
			children = (
				176E63232035BEE200DCAC3F /* Services */,
				17A56C1B203464AF00A4FC72 /* Networking */,
				17A56C19203464A500A4FC72 /* Views */,
				17A56C1A203464A900A4FC72 /* Controllers */,
				17579BDE204083CE005F74B5 /* ThirdParty */,
				17FB695A203DFFDF008F9057 /* Extensions */,
				17A56C1C203464B800A4FC72 /* Resources */,
			);
			path = Common;
			sourceTree = "<group>";
		};
		1728CED320442E56005D9A63 /* Models */ = {
			isa = PBXGroup;
			children = (
				1728CED520442E69005D9A63 /* Quest.swift */,
				1728CED72044328E005D9A63 /* Person.swift */,
				1728CED9204433EB005D9A63 /* Proof.swift */,
				1728CEE0204437F9005D9A63 /* QuestApiResponse.swift */,
				1754DFC62067AB10006D4911 /* Time.swift */,
				17188A3E20A7763000822881 /* Rating.swift */,
			);
			path = Models;
			sourceTree = "<group>";
		};
		1728CEDB204434AF005D9A63 /* Networking */ = {
			isa = PBXGroup;
			children = (
				1728CEDC204434ED005D9A63 /* QuestApi.swift */,
				170781EB204EC35E00A87182 /* NLQuestApi.swift */,
			);
			path = Networking;
			sourceTree = "<group>";
		};
		17579BDE204083CE005F74B5 /* ThirdParty */ = {
			isa = PBXGroup;
			children = (
				17579BDF204083EE005F74B5 /* SwiftSpinner.swift */,
			);
			path = ThirdParty;
			sourceTree = "<group>";
		};
		175E461E206E208600F67DB2 /* Settings */ = {
			isa = PBXGroup;
			children = (
				175E461F206E20A800F67DB2 /* SettingsViewController.swift */,
			);
			path = Settings;
			sourceTree = "<group>";
		};
		17660C39207A5DB7002DA972 /* Profile */ = {
			isa = PBXGroup;
			children = (
				17AF67D6207D1C5C00931024 /* Models */,
				17AF67D5207D1C5700931024 /* Networking */,
				17AF67D4207D1C4F00931024 /* Controllers */,
			);
			path = Profile;
			sourceTree = "<group>";
		};
		176E63232035BEE200DCAC3F /* Services */ = {
			isa = PBXGroup;
			children = (
			);
			path = Services;
			sourceTree = "<group>";
		};
		177882B6207D5AFA0088AF95 /* View */ = {
			isa = PBXGroup;
			children = (
				177882B7207D5B0D0088AF95 /* GroupCell.swift */,
			);
			path = View;
			sourceTree = "<group>";
		};
		17A56BDB2034640A00A4FC72 = {
			isa = PBXGroup;
			children = (
				17A56BE62034640A00A4FC72 /* Neverland */,
				17A56BFD2034640B00A4FC72 /* NeverlandTests */,
				17A56C082034640B00A4FC72 /* NeverlandUITests */,
				17A56BE52034640A00A4FC72 /* Products */,
				B0115300CDEF573AC79C3BA3 /* Pods */,
				CFF6D8B01785D3A729B3265D /* Frameworks */,
			);
			sourceTree = "<group>";
		};
		17A56BE52034640A00A4FC72 /* Products */ = {
			isa = PBXGroup;
			children = (
				17A56BE42034640A00A4FC72 /* Neverland.app */,
				17A56BFA2034640B00A4FC72 /* NeverlandTests.xctest */,
				17A56C052034640B00A4FC72 /* NeverlandUITests.xctest */,
			);
			name = Products;
			sourceTree = "<group>";
		};
		17A56BE62034640A00A4FC72 /* Neverland */ = {
			isa = PBXGroup;
			children = (
				175E461E206E208600F67DB2 /* Settings */,
				1721765D2042F19800A1A2E2 /* Groups */,
				1721765B2042F18400A1A2E2 /* Feed */,
				17660C39207A5DB7002DA972 /* Profile */,
				172176582042F12B00A1A2E2 /* Quests */,
				172176532042F0CA00A1A2E2 /* AccountManagement */,
				1721765F2042F1B900A1A2E2 /* Common */,
				17A56BE72034640A00A4FC72 /* AppDelegate.swift */,
				17A56BF52034640A00A4FC72 /* Info.plist */,
			);
			path = Neverland;
			sourceTree = "<group>";
		};
		17A56BFD2034640B00A4FC72 /* NeverlandTests */ = {
			isa = PBXGroup;
			children = (
				17A56BFE2034640B00A4FC72 /* NeverlandTests.swift */,
				17A56C002034640B00A4FC72 /* Info.plist */,
			);
			path = NeverlandTests;
			sourceTree = "<group>";
		};
		17A56C082034640B00A4FC72 /* NeverlandUITests */ = {
			isa = PBXGroup;
			children = (
				17A56C092034640B00A4FC72 /* NeverlandUITests.swift */,
				17A56C0B2034640B00A4FC72 /* Info.plist */,
			);
			path = NeverlandUITests;
			sourceTree = "<group>";
		};
		17A56C19203464A500A4FC72 /* Views */ = {
			isa = PBXGroup;
			children = (
				1754BA9620378E91008B2C44 /* CardView.swift */,
				176635F320388B19003D76A8 /* RoundedImage.swift */,
				176755442039FD0100490BEB /* Checkbox.swift */,
				174CB46520AB769E00F20BA1 /* DudeCell.swift */,
				17A56C1D203464D700A4FC72 /* Storyboards */,
			);
			path = Views;
			sourceTree = "<group>";
		};
		17A56C1A203464A900A4FC72 /* Controllers */ = {
			isa = PBXGroup;
			children = (
				176E631C2035BE6A00DCAC3F /* SeachScreenViewController.swift */,
				174CB46720AB80CF00F20BA1 /* PeopleListController.swift */,
			);
			path = Controllers;
			sourceTree = "<group>";
		};
		17A56C1B203464AF00A4FC72 /* Networking */ = {
			isa = PBXGroup;
			children = (
				1728CEDE2044378C005D9A63 /* ApiResponse.swift */,
			);
			path = Networking;
			sourceTree = "<group>";
		};
		17A56C1C203464B800A4FC72 /* Resources */ = {
			isa = PBXGroup;
			children = (
				176635F1203886CA003D76A8 /* Assets.xcassets */,
			);
			path = Resources;
			sourceTree = "<group>";
		};
		17A56C1D203464D700A4FC72 /* Storyboards */ = {
			isa = PBXGroup;
			children = (
				17A56BED2034640A00A4FC72 /* Main.storyboard */,
				176E63302035C71F00DCAC3F /* LaunchScreen.storyboard */,
			);
			path = Storyboards;
			sourceTree = "<group>";
		};
		17AF67D4207D1C4F00931024 /* Controllers */ = {
			isa = PBXGroup;
			children = (
				176E63182035BE4B00DCAC3F /* ProfileViewController.swift */,
			);
			path = Controllers;
			sourceTree = "<group>";
		};
		17AF67D5207D1C5700931024 /* Networking */ = {
			isa = PBXGroup;
			children = (
				17660C3A207A5E12002DA972 /* NLProfileApi.swift */,
			);
			path = Networking;
			sourceTree = "<group>";
		};
		17AF67D6207D1C5C00931024 /* Models */ = {
			isa = PBXGroup;
			children = (
				1735D218207A7CD60011A095 /* UserInfo.swift */,
			);
			path = Models;
			sourceTree = "<group>";
		};
		17EC569E206808120011327D /* Views */ = {
			isa = PBXGroup;
			children = (
				17FD829620374139004A33E7 /* FeedCell.swift */,
			);
			path = Views;
			sourceTree = "<group>";
		};
		17FB695A203DFFDF008F9057 /* Extensions */ = {
			isa = PBXGroup;
			children = (
				17FB695B203DFFEE008F9057 /* UIColor+Extension.swift */,
				17ADF27720402FCE0061BA47 /* String+Extension.swift */,
				17B96DFF204DC551001F22D2 /* Array+Extension.swift */,
				17EC569C206807420011327D /* UIImageView+Extension.swift */,
				174CB46320AB698100F20BA1 /* UIViewController+Extension.swift */,
			);
			path = Extensions;
			sourceTree = "<group>";
		};
		17FD09C6207D4DC000B4A2C7 /*  Networking */ = {
			isa = PBXGroup;
			children = (
				17FD09C7207D4DDB00B4A2C7 /* NLGroupApi.swift */,
			);
			path = " Networking";
			sourceTree = "<group>";
		};
		17FD09C9207D4E8900B4A2C7 /* Models */ = {
			isa = PBXGroup;
			children = (
				17FD09CA207D4E9600B4A2C7 /* GroupApiResponse.swift */,
				177882B4207D5A7C0088AF95 /* Group.swift */,
			);
			path = Models;
			sourceTree = "<group>";
		};
		B0115300CDEF573AC79C3BA3 /* Pods */ = {
			isa = PBXGroup;
			children = (
				CF1259D2715830E0E9415AEF /* Pods-Neverland.debug.xcconfig */,
				809EDFEEEC5376C0CE79D22A /* Pods-Neverland.release.xcconfig */,
				007368B7193B447D293D8F32 /* Pods-NeverlandTests.debug.xcconfig */,
				039967FE515E1539BA364656 /* Pods-NeverlandTests.release.xcconfig */,
				AAD522AEDC33965EE085D77E /* Pods-NeverlandUITests.debug.xcconfig */,
				93825C63808762564C05BE72 /* Pods-NeverlandUITests.release.xcconfig */,
			);
			name = Pods;
			sourceTree = "<group>";
		};
		CFF6D8B01785D3A729B3265D /* Frameworks */ = {
			isa = PBXGroup;
			children = (
				8C3CDEC6E87F45D9DD974BFD /* Pods_Neverland.framework */,
				8C6AC89EC62EB04AA7731387 /* Pods_NeverlandTests.framework */,
				EC2ED15AC7D437E98ADAAD63 /* Pods_NeverlandUITests.framework */,
			);
			name = Frameworks;
			sourceTree = "<group>";
		};
/* End PBXGroup section */

/* Begin PBXNativeTarget section */
		17A56BE32034640A00A4FC72 /* Neverland */ = {
			isa = PBXNativeTarget;
			buildConfigurationList = 17A56C0E2034640B00A4FC72 /* Build configuration list for PBXNativeTarget "Neverland" */;
			buildPhases = (
				D6DB0101BB177E39FE225B68 /* [CP] Check Pods Manifest.lock */,
				17A56BE02034640A00A4FC72 /* Sources */,
				17A56BE12034640A00A4FC72 /* Frameworks */,
				17A56BE22034640A00A4FC72 /* Resources */,
				2EA3E4D174169564940E3074 /* [CP] Embed Pods Frameworks */,
				620247F73E9DB287EE2432B6 /* [CP] Copy Pods Resources */,
			);
			buildRules = (
			);
			dependencies = (
			);
			name = Neverland;
			productName = Neverland;
			productReference = 17A56BE42034640A00A4FC72 /* Neverland.app */;
			productType = "com.apple.product-type.application";
		};
		17A56BF92034640B00A4FC72 /* NeverlandTests */ = {
			isa = PBXNativeTarget;
			buildConfigurationList = 17A56C112034640B00A4FC72 /* Build configuration list for PBXNativeTarget "NeverlandTests" */;
			buildPhases = (
				E71013C88E9D8022C0E1118E /* [CP] Check Pods Manifest.lock */,
				17A56BF62034640B00A4FC72 /* Sources */,
				17A56BF72034640B00A4FC72 /* Frameworks */,
				17A56BF82034640B00A4FC72 /* Resources */,
				FC4923A05FBC97D9CD79D77D /* [CP] Embed Pods Frameworks */,
				4DF2E69789E1D6477CE7FF2E /* [CP] Copy Pods Resources */,
			);
			buildRules = (
			);
			dependencies = (
				17A56BFC2034640B00A4FC72 /* PBXTargetDependency */,
			);
			name = NeverlandTests;
			productName = NeverlandTests;
			productReference = 17A56BFA2034640B00A4FC72 /* NeverlandTests.xctest */;
			productType = "com.apple.product-type.bundle.unit-test";
		};
		17A56C042034640B00A4FC72 /* NeverlandUITests */ = {
			isa = PBXNativeTarget;
			buildConfigurationList = 17A56C142034640B00A4FC72 /* Build configuration list for PBXNativeTarget "NeverlandUITests" */;
			buildPhases = (
				A60AB5F69BAFD26DB8A91915 /* [CP] Check Pods Manifest.lock */,
				17A56C012034640B00A4FC72 /* Sources */,
				17A56C022034640B00A4FC72 /* Frameworks */,
				17A56C032034640B00A4FC72 /* Resources */,
				91CB3DBA0D777229F8A7AD43 /* [CP] Embed Pods Frameworks */,
				F98B434DC551B3B7C4E90849 /* [CP] Copy Pods Resources */,
			);
			buildRules = (
			);
			dependencies = (
				17A56C072034640B00A4FC72 /* PBXTargetDependency */,
			);
			name = NeverlandUITests;
			productName = NeverlandUITests;
			productReference = 17A56C052034640B00A4FC72 /* NeverlandUITests.xctest */;
			productType = "com.apple.product-type.bundle.ui-testing";
		};
/* End PBXNativeTarget section */

/* Begin PBXProject section */
		17A56BDC2034640A00A4FC72 /* Project object */ = {
			isa = PBXProject;
			attributes = {
				LastSwiftUpdateCheck = 0920;
				LastUpgradeCheck = 0920;
				ORGANIZATIONNAME = "Konstantin Saposnitsenko";
				TargetAttributes = {
					17A56BE32034640A00A4FC72 = {
						CreatedOnToolsVersion = 9.2;
						ProvisioningStyle = Automatic;
					};
					17A56BF92034640B00A4FC72 = {
						CreatedOnToolsVersion = 9.2;
						ProvisioningStyle = Automatic;
						TestTargetID = 17A56BE32034640A00A4FC72;
					};
					17A56C042034640B00A4FC72 = {
						CreatedOnToolsVersion = 9.2;
						ProvisioningStyle = Automatic;
						TestTargetID = 17A56BE32034640A00A4FC72;
					};
				};
			};
			buildConfigurationList = 17A56BDF2034640A00A4FC72 /* Build configuration list for PBXProject "Neverland" */;
			compatibilityVersion = "Xcode 8.0";
			developmentRegion = en;
			hasScannedForEncodings = 0;
			knownRegions = (
				en,
				Base,
			);
			mainGroup = 17A56BDB2034640A00A4FC72;
			productRefGroup = 17A56BE52034640A00A4FC72 /* Products */;
			projectDirPath = "";
			projectRoot = "";
			targets = (
				17A56BE32034640A00A4FC72 /* Neverland */,
				17A56BF92034640B00A4FC72 /* NeverlandTests */,
				17A56C042034640B00A4FC72 /* NeverlandUITests */,
			);
		};
/* End PBXProject section */

/* Begin PBXResourcesBuildPhase section */
		17A56BE22034640A00A4FC72 /* Resources */ = {
			isa = PBXResourcesBuildPhase;
			buildActionMask = 2147483647;
			files = (
				17A56BF42034640A00A4FC72 /* Auth.storyboard in Resources */,
				17A56BEF2034640A00A4FC72 /* Main.storyboard in Resources */,
				176635F2203886CB003D76A8 /* Assets.xcassets in Resources */,
				176E63312035C71F00DCAC3F /* LaunchScreen.storyboard in Resources */,
			);
			runOnlyForDeploymentPostprocessing = 0;
		};
		17A56BF82034640B00A4FC72 /* Resources */ = {
			isa = PBXResourcesBuildPhase;
			buildActionMask = 2147483647;
			files = (
			);
			runOnlyForDeploymentPostprocessing = 0;
		};
		17A56C032034640B00A4FC72 /* Resources */ = {
			isa = PBXResourcesBuildPhase;
			buildActionMask = 2147483647;
			files = (
			);
			runOnlyForDeploymentPostprocessing = 0;
		};
/* End PBXResourcesBuildPhase section */

/* Begin PBXShellScriptBuildPhase section */
		2EA3E4D174169564940E3074 /* [CP] Embed Pods Frameworks */ = {
			isa = PBXShellScriptBuildPhase;
			buildActionMask = 2147483647;
			files = (
			);
			inputPaths = (
			);
			name = "[CP] Embed Pods Frameworks";
			outputPaths = (
			);
			runOnlyForDeploymentPostprocessing = 0;
			shellPath = /bin/sh;
			shellScript = "\"${SRCROOT}/Pods/Target Support Files/Pods-Neverland/Pods-Neverland-frameworks.sh\"\n";
			showEnvVarsInLog = 0;
		};
		4DF2E69789E1D6477CE7FF2E /* [CP] Copy Pods Resources */ = {
			isa = PBXShellScriptBuildPhase;
			buildActionMask = 2147483647;
			files = (
			);
			inputPaths = (
			);
			name = "[CP] Copy Pods Resources";
			outputPaths = (
			);
			runOnlyForDeploymentPostprocessing = 0;
			shellPath = /bin/sh;
			shellScript = "\"${SRCROOT}/Pods/Target Support Files/Pods-NeverlandTests/Pods-NeverlandTests-resources.sh\"\n";
			showEnvVarsInLog = 0;
		};
		620247F73E9DB287EE2432B6 /* [CP] Copy Pods Resources */ = {
			isa = PBXShellScriptBuildPhase;
			buildActionMask = 2147483647;
			files = (
			);
			inputPaths = (
			);
			name = "[CP] Copy Pods Resources";
			outputPaths = (
			);
			runOnlyForDeploymentPostprocessing = 0;
			shellPath = /bin/sh;
			shellScript = "\"${SRCROOT}/Pods/Target Support Files/Pods-Neverland/Pods-Neverland-resources.sh\"\n";
			showEnvVarsInLog = 0;
		};
		91CB3DBA0D777229F8A7AD43 /* [CP] Embed Pods Frameworks */ = {
			isa = PBXShellScriptBuildPhase;
			buildActionMask = 2147483647;
			files = (
			);
			inputPaths = (
			);
			name = "[CP] Embed Pods Frameworks";
			outputPaths = (
			);
			runOnlyForDeploymentPostprocessing = 0;
			shellPath = /bin/sh;
			shellScript = "\"${SRCROOT}/Pods/Target Support Files/Pods-NeverlandUITests/Pods-NeverlandUITests-frameworks.sh\"\n";
			showEnvVarsInLog = 0;
		};
		A60AB5F69BAFD26DB8A91915 /* [CP] Check Pods Manifest.lock */ = {
			isa = PBXShellScriptBuildPhase;
			buildActionMask = 2147483647;
			files = (
			);
			inputPaths = (
			);
			name = "[CP] Check Pods Manifest.lock";
			outputPaths = (
			);
			runOnlyForDeploymentPostprocessing = 0;
			shellPath = /bin/sh;
			shellScript = "diff \"${PODS_PODFILE_DIR_PATH}/Podfile.lock\" \"${PODS_ROOT}/Manifest.lock\" > /dev/null\nif [ $? != 0 ] ; then\n    # print error to STDERR\n    echo \"error: The sandbox is not in sync with the Podfile.lock. Run 'pod install' or update your CocoaPods installation.\" >&2\n    exit 1\nfi\n";
			showEnvVarsInLog = 0;
		};
		D6DB0101BB177E39FE225B68 /* [CP] Check Pods Manifest.lock */ = {
			isa = PBXShellScriptBuildPhase;
			buildActionMask = 2147483647;
			files = (
			);
			inputPaths = (
			);
			name = "[CP] Check Pods Manifest.lock";
			outputPaths = (
			);
			runOnlyForDeploymentPostprocessing = 0;
			shellPath = /bin/sh;
			shellScript = "diff \"${PODS_PODFILE_DIR_PATH}/Podfile.lock\" \"${PODS_ROOT}/Manifest.lock\" > /dev/null\nif [ $? != 0 ] ; then\n    # print error to STDERR\n    echo \"error: The sandbox is not in sync with the Podfile.lock. Run 'pod install' or update your CocoaPods installation.\" >&2\n    exit 1\nfi\n";
			showEnvVarsInLog = 0;
		};
		E71013C88E9D8022C0E1118E /* [CP] Check Pods Manifest.lock */ = {
			isa = PBXShellScriptBuildPhase;
			buildActionMask = 2147483647;
			files = (
			);
			inputPaths = (
			);
			name = "[CP] Check Pods Manifest.lock";
			outputPaths = (
			);
			runOnlyForDeploymentPostprocessing = 0;
			shellPath = /bin/sh;
			shellScript = "diff \"${PODS_PODFILE_DIR_PATH}/Podfile.lock\" \"${PODS_ROOT}/Manifest.lock\" > /dev/null\nif [ $? != 0 ] ; then\n    # print error to STDERR\n    echo \"error: The sandbox is not in sync with the Podfile.lock. Run 'pod install' or update your CocoaPods installation.\" >&2\n    exit 1\nfi\n";
			showEnvVarsInLog = 0;
		};
		F98B434DC551B3B7C4E90849 /* [CP] Copy Pods Resources */ = {
			isa = PBXShellScriptBuildPhase;
			buildActionMask = 2147483647;
			files = (
			);
			inputPaths = (
			);
			name = "[CP] Copy Pods Resources";
			outputPaths = (
			);
			runOnlyForDeploymentPostprocessing = 0;
			shellPath = /bin/sh;
			shellScript = "\"${SRCROOT}/Pods/Target Support Files/Pods-NeverlandUITests/Pods-NeverlandUITests-resources.sh\"\n";
			showEnvVarsInLog = 0;
		};
		FC4923A05FBC97D9CD79D77D /* [CP] Embed Pods Frameworks */ = {
			isa = PBXShellScriptBuildPhase;
			buildActionMask = 2147483647;
			files = (
			);
			inputPaths = (
			);
			name = "[CP] Embed Pods Frameworks";
			outputPaths = (
			);
			runOnlyForDeploymentPostprocessing = 0;
			shellPath = /bin/sh;
			shellScript = "\"${SRCROOT}/Pods/Target Support Files/Pods-NeverlandTests/Pods-NeverlandTests-frameworks.sh\"\n";
			showEnvVarsInLog = 0;
		};
/* End PBXShellScriptBuildPhase section */

/* Begin PBXSourcesBuildPhase section */
		17A56BE02034640A00A4FC72 /* Sources */ = {
			isa = PBXSourcesBuildPhase;
			buildActionMask = 2147483647;
			files = (
				17CB3C4D203F6F0B006EF6D5 /* AuthApi.swift in Sources */,
				17FB695C203DFFEE008F9057 /* UIColor+Extension.swift in Sources */,
				17CB3C53203F7203006EF6D5 /* AuthApiResponse.swift in Sources */,
				17E15A872038282000027634 /* NewQuestViewController.swift in Sources */,
				176E631D2035BE6A00DCAC3F /* SeachScreenViewController.swift in Sources */,
				176E63222035BE8900DCAC3F /* MyChallangesViewController.swift in Sources */,
				177882B8207D5B0D0088AF95 /* GroupCell.swift in Sources */,
				1735D219207A7CD60011A095 /* UserInfo.swift in Sources */,
				17E15A8B20382A2500027634 /* QuestInfoCell.swift in Sources */,
				17FD09CD207D579700B4A2C7 /* SearchGroupViewController.swift in Sources */,
				17ADF27820402FCE0061BA47 /* String+Extension.swift in Sources */,
				17188A3F20A7763000822881 /* Rating.swift in Sources */,
				17E6B5F4204585CC002EC1D2 /* BorderedTextView.swift in Sources */,
				17F93FD3204886580074D74A /* NLConfirmationPopupService.swift in Sources */,
				17FD829720374139004A33E7 /* FeedCell.swift in Sources */,
				179F4C3B2059A2C10084E095 /* ProofSubmitViewController.swift in Sources */,
				17B96E00204DC551001F22D2 /* Array+Extension.swift in Sources */,
				170781EC204EC35E00A87182 /* NLQuestApi.swift in Sources */,
				177882B5207D5A7C0088AF95 /* Group.swift in Sources */,
				17F93FD520488B9F0074D74A /* NLAuthApi.swift in Sources */,
				17FD829A20375FB5004A33E7 /* QuestCell.swift in Sources */,
				1754DFC72067AB10006D4911 /* Time.swift in Sources */,
				1754BA9720378E91008B2C44 /* CardView.swift in Sources */,
				17FB6953203DF88E008F9057 /* User.swift in Sources */,
				1728CEE1204437F9005D9A63 /* QuestApiResponse.swift in Sources */,
				1728CEDF2044378C005D9A63 /* ApiResponse.swift in Sources */,
				17660C3B207A5E12002DA972 /* NLProfileApi.swift in Sources */,
				17FD09CB207D4E9600B4A2C7 /* GroupApiResponse.swift in Sources */,
				176E63192035BE4B00DCAC3F /* ProfileViewController.swift in Sources */,
				17CB3C51203F70AC006EF6D5 /* UserData.swift in Sources */,
				17E15A89203828B500027634 /* QuestDetailedViewController.swift in Sources */,
				176635F420388B19003D76A8 /* RoundedImage.swift in Sources */,
				176E63202035BE8000DCAC3F /* GroupsViewController.swift in Sources */,
				17CB3C4F203F7030006EF6D5 /* FakeAuthApi.swift in Sources */,
				1728CED82044328E005D9A63 /* Person.swift in Sources */,
				17579BDD20406177005F74B5 /* RegistrationField.swift in Sources */,
				17579BE0204083EE005F74B5 /* SwiftSpinner.swift in Sources */,
				1728CEDD204434ED005D9A63 /* QuestApi.swift in Sources */,
				17EC63122044755A008668FC /* SuggestQuestViewController.swift in Sources */,
				174CB46620AB769E00F20BA1 /* DudeCell.swift in Sources */,
				17EC569D206807420011327D /* UIImageView+Extension.swift in Sources */,
				174CB46420AB698100F20BA1 /* UIViewController+Extension.swift in Sources */,
				176E63172035BE2600DCAC3F /* AuthViewController.swift in Sources */,
				175E4620206E20A800F67DB2 /* SettingsViewController.swift in Sources */,
				176E631B2035BE5400DCAC3F /* FeedViewController.swift in Sources */,
				17A56BE82034640A00A4FC72 /* AppDelegate.swift in Sources */,
				176755472039FF9D00490BEB /* RegistrerViewController.swift in Sources */,
				176755452039FD0100490BEB /* Checkbox.swift in Sources */,
				17EC569B2067FA1B0011327D /* ProofPhotoCell.swift in Sources */,
				17FD09C8207D4DDB00B4A2C7 /* NLGroupApi.swift in Sources */,
				1728CED620442E69005D9A63 /* Quest.swift in Sources */,
				17CB3C4B203F6D92006EF6D5 /* RegistrationData.swift in Sources */,
				174CB46820AB80CF00F20BA1 /* PeopleListController.swift in Sources */,
				1728CEDA204433EB005D9A63 /* Proof.swift in Sources */,
			);
			runOnlyForDeploymentPostprocessing = 0;
		};
		17A56BF62034640B00A4FC72 /* Sources */ = {
			isa = PBXSourcesBuildPhase;
			buildActionMask = 2147483647;
			files = (
				17A56BFF2034640B00A4FC72 /* NeverlandTests.swift in Sources */,
			);
			runOnlyForDeploymentPostprocessing = 0;
		};
		17A56C012034640B00A4FC72 /* Sources */ = {
			isa = PBXSourcesBuildPhase;
			buildActionMask = 2147483647;
			files = (
				17A56C0A2034640B00A4FC72 /* NeverlandUITests.swift in Sources */,
			);
			runOnlyForDeploymentPostprocessing = 0;
		};
/* End PBXSourcesBuildPhase section */

/* Begin PBXTargetDependency section */
		17A56BFC2034640B00A4FC72 /* PBXTargetDependency */ = {
			isa = PBXTargetDependency;
			target = 17A56BE32034640A00A4FC72 /* Neverland */;
			targetProxy = 17A56BFB2034640B00A4FC72 /* PBXContainerItemProxy */;
		};
		17A56C072034640B00A4FC72 /* PBXTargetDependency */ = {
			isa = PBXTargetDependency;
			target = 17A56BE32034640A00A4FC72 /* Neverland */;
			targetProxy = 17A56C062034640B00A4FC72 /* PBXContainerItemProxy */;
		};
/* End PBXTargetDependency section */

/* Begin PBXVariantGroup section */
		17A56BED2034640A00A4FC72 /* Main.storyboard */ = {
			isa = PBXVariantGroup;
			children = (
				17A56BEE2034640A00A4FC72 /* Base */,
			);
			name = Main.storyboard;
			sourceTree = "<group>";
		};
		17A56BF22034640A00A4FC72 /* Auth.storyboard */ = {
			isa = PBXVariantGroup;
			children = (
				17A56BF32034640A00A4FC72 /* Base */,
			);
			name = Auth.storyboard;
			sourceTree = "<group>";
		};
/* End PBXVariantGroup section */

/* Begin XCBuildConfiguration section */
		17A56C0C2034640B00A4FC72 /* Debug */ = {
			isa = XCBuildConfiguration;
			buildSettings = {
				ALWAYS_SEARCH_USER_PATHS = NO;
				CLANG_ANALYZER_NONNULL = YES;
				CLANG_ANALYZER_NUMBER_OBJECT_CONVERSION = YES_AGGRESSIVE;
				CLANG_CXX_LANGUAGE_STANDARD = "gnu++14";
				CLANG_CXX_LIBRARY = "libc++";
				CLANG_ENABLE_MODULES = YES;
				CLANG_ENABLE_OBJC_ARC = YES;
				CLANG_WARN_BLOCK_CAPTURE_AUTORELEASING = YES;
				CLANG_WARN_BOOL_CONVERSION = YES;
				CLANG_WARN_COMMA = YES;
				CLANG_WARN_CONSTANT_CONVERSION = YES;
				CLANG_WARN_DIRECT_OBJC_ISA_USAGE = YES_ERROR;
				CLANG_WARN_DOCUMENTATION_COMMENTS = YES;
				CLANG_WARN_EMPTY_BODY = YES;
				CLANG_WARN_ENUM_CONVERSION = YES;
				CLANG_WARN_INFINITE_RECURSION = YES;
				CLANG_WARN_INT_CONVERSION = YES;
				CLANG_WARN_NON_LITERAL_NULL_CONVERSION = YES;
				CLANG_WARN_OBJC_LITERAL_CONVERSION = YES;
				CLANG_WARN_OBJC_ROOT_CLASS = YES_ERROR;
				CLANG_WARN_RANGE_LOOP_ANALYSIS = YES;
				CLANG_WARN_STRICT_PROTOTYPES = YES;
				CLANG_WARN_SUSPICIOUS_MOVE = YES;
				CLANG_WARN_UNGUARDED_AVAILABILITY = YES_AGGRESSIVE;
				CLANG_WARN_UNREACHABLE_CODE = YES;
				CLANG_WARN__DUPLICATE_METHOD_MATCH = YES;
				CODE_SIGN_IDENTITY = "iPhone Developer";
				COPY_PHASE_STRIP = NO;
				DEBUG_INFORMATION_FORMAT = dwarf;
				ENABLE_STRICT_OBJC_MSGSEND = YES;
				ENABLE_TESTABILITY = YES;
				GCC_C_LANGUAGE_STANDARD = gnu11;
				GCC_DYNAMIC_NO_PIC = NO;
				GCC_NO_COMMON_BLOCKS = YES;
				GCC_OPTIMIZATION_LEVEL = 0;
				GCC_PREPROCESSOR_DEFINITIONS = (
					"DEBUG=1",
					"$(inherited)",
				);
				GCC_WARN_64_TO_32_BIT_CONVERSION = YES;
				GCC_WARN_ABOUT_RETURN_TYPE = YES_ERROR;
				GCC_WARN_UNDECLARED_SELECTOR = YES;
				GCC_WARN_UNINITIALIZED_AUTOS = YES_AGGRESSIVE;
				GCC_WARN_UNUSED_FUNCTION = YES;
				GCC_WARN_UNUSED_VARIABLE = YES;
				IPHONEOS_DEPLOYMENT_TARGET = 11.2;
				MTL_ENABLE_DEBUG_INFO = YES;
				ONLY_ACTIVE_ARCH = YES;
				SDKROOT = iphoneos;
				SWIFT_ACTIVE_COMPILATION_CONDITIONS = DEBUG;
				SWIFT_OPTIMIZATION_LEVEL = "-Onone";
			};
			name = Debug;
		};
		17A56C0D2034640B00A4FC72 /* Release */ = {
			isa = XCBuildConfiguration;
			buildSettings = {
				ALWAYS_SEARCH_USER_PATHS = NO;
				CLANG_ANALYZER_NONNULL = YES;
				CLANG_ANALYZER_NUMBER_OBJECT_CONVERSION = YES_AGGRESSIVE;
				CLANG_CXX_LANGUAGE_STANDARD = "gnu++14";
				CLANG_CXX_LIBRARY = "libc++";
				CLANG_ENABLE_MODULES = YES;
				CLANG_ENABLE_OBJC_ARC = YES;
				CLANG_WARN_BLOCK_CAPTURE_AUTORELEASING = YES;
				CLANG_WARN_BOOL_CONVERSION = YES;
				CLANG_WARN_COMMA = YES;
				CLANG_WARN_CONSTANT_CONVERSION = YES;
				CLANG_WARN_DIRECT_OBJC_ISA_USAGE = YES_ERROR;
				CLANG_WARN_DOCUMENTATION_COMMENTS = YES;
				CLANG_WARN_EMPTY_BODY = YES;
				CLANG_WARN_ENUM_CONVERSION = YES;
				CLANG_WARN_INFINITE_RECURSION = YES;
				CLANG_WARN_INT_CONVERSION = YES;
				CLANG_WARN_NON_LITERAL_NULL_CONVERSION = YES;
				CLANG_WARN_OBJC_LITERAL_CONVERSION = YES;
				CLANG_WARN_OBJC_ROOT_CLASS = YES_ERROR;
				CLANG_WARN_RANGE_LOOP_ANALYSIS = YES;
				CLANG_WARN_STRICT_PROTOTYPES = YES;
				CLANG_WARN_SUSPICIOUS_MOVE = YES;
				CLANG_WARN_UNGUARDED_AVAILABILITY = YES_AGGRESSIVE;
				CLANG_WARN_UNREACHABLE_CODE = YES;
				CLANG_WARN__DUPLICATE_METHOD_MATCH = YES;
				CODE_SIGN_IDENTITY = "iPhone Developer";
				COPY_PHASE_STRIP = NO;
				DEBUG_INFORMATION_FORMAT = "dwarf-with-dsym";
				ENABLE_NS_ASSERTIONS = NO;
				ENABLE_STRICT_OBJC_MSGSEND = YES;
				GCC_C_LANGUAGE_STANDARD = gnu11;
				GCC_NO_COMMON_BLOCKS = YES;
				GCC_WARN_64_TO_32_BIT_CONVERSION = YES;
				GCC_WARN_ABOUT_RETURN_TYPE = YES_ERROR;
				GCC_WARN_UNDECLARED_SELECTOR = YES;
				GCC_WARN_UNINITIALIZED_AUTOS = YES_AGGRESSIVE;
				GCC_WARN_UNUSED_FUNCTION = YES;
				GCC_WARN_UNUSED_VARIABLE = YES;
				IPHONEOS_DEPLOYMENT_TARGET = 11.2;
				MTL_ENABLE_DEBUG_INFO = NO;
				SDKROOT = iphoneos;
				SWIFT_OPTIMIZATION_LEVEL = "-Owholemodule";
				VALIDATE_PRODUCT = YES;
			};
			name = Release;
		};
		17A56C0F2034640B00A4FC72 /* Debug */ = {
			isa = XCBuildConfiguration;
			baseConfigurationReference = CF1259D2715830E0E9415AEF /* Pods-Neverland.debug.xcconfig */;
			buildSettings = {
				ASSETCATALOG_COMPILER_APPICON_NAME = AppIcon;
				CODE_SIGN_STYLE = Automatic;
				DEVELOPMENT_TEAM = G3374269S2;
				INFOPLIST_FILE = Neverland/Info.plist;
				IPHONEOS_DEPLOYMENT_TARGET = 10.0;
				LD_RUNPATH_SEARCH_PATHS = "$(inherited) @executable_path/Frameworks";
				PRODUCT_BUNDLE_IDENTIFIER = ee.knk.Neverland;
				PRODUCT_NAME = "$(TARGET_NAME)";
				SWIFT_VERSION = 4.0;
				TARGETED_DEVICE_FAMILY = "1,2";
			};
			name = Debug;
		};
		17A56C102034640B00A4FC72 /* Release */ = {
			isa = XCBuildConfiguration;
			baseConfigurationReference = 809EDFEEEC5376C0CE79D22A /* Pods-Neverland.release.xcconfig */;
			buildSettings = {
				ASSETCATALOG_COMPILER_APPICON_NAME = AppIcon;
				CODE_SIGN_STYLE = Automatic;
				DEVELOPMENT_TEAM = G3374269S2;
				INFOPLIST_FILE = Neverland/Info.plist;
				IPHONEOS_DEPLOYMENT_TARGET = 10.0;
				LD_RUNPATH_SEARCH_PATHS = "$(inherited) @executable_path/Frameworks";
				PRODUCT_BUNDLE_IDENTIFIER = ee.knk.Neverland;
				PRODUCT_NAME = "$(TARGET_NAME)";
				SWIFT_VERSION = 4.0;
				TARGETED_DEVICE_FAMILY = "1,2";
			};
			name = Release;
		};
		17A56C122034640B00A4FC72 /* Debug */ = {
			isa = XCBuildConfiguration;
			baseConfigurationReference = 007368B7193B447D293D8F32 /* Pods-NeverlandTests.debug.xcconfig */;
			buildSettings = {
				ALWAYS_EMBED_SWIFT_STANDARD_LIBRARIES = YES;
				BUNDLE_LOADER = "$(TEST_HOST)";
				CODE_SIGN_STYLE = Automatic;
				DEVELOPMENT_TEAM = G3374269S2;
				INFOPLIST_FILE = NeverlandTests/Info.plist;
				LD_RUNPATH_SEARCH_PATHS = "$(inherited) @executable_path/Frameworks @loader_path/Frameworks";
				PRODUCT_BUNDLE_IDENTIFIER = ee.knk.NeverlandTests;
				PRODUCT_NAME = "$(TARGET_NAME)";
				SWIFT_VERSION = 4.0;
				TARGETED_DEVICE_FAMILY = "1,2";
				TEST_HOST = "$(BUILT_PRODUCTS_DIR)/Neverland.app/Neverland";
			};
			name = Debug;
		};
		17A56C132034640B00A4FC72 /* Release */ = {
			isa = XCBuildConfiguration;
			baseConfigurationReference = 039967FE515E1539BA364656 /* Pods-NeverlandTests.release.xcconfig */;
			buildSettings = {
				ALWAYS_EMBED_SWIFT_STANDARD_LIBRARIES = YES;
				BUNDLE_LOADER = "$(TEST_HOST)";
				CODE_SIGN_STYLE = Automatic;
				DEVELOPMENT_TEAM = G3374269S2;
				INFOPLIST_FILE = NeverlandTests/Info.plist;
				LD_RUNPATH_SEARCH_PATHS = "$(inherited) @executable_path/Frameworks @loader_path/Frameworks";
				PRODUCT_BUNDLE_IDENTIFIER = ee.knk.NeverlandTests;
				PRODUCT_NAME = "$(TARGET_NAME)";
				SWIFT_VERSION = 4.0;
				TARGETED_DEVICE_FAMILY = "1,2";
				TEST_HOST = "$(BUILT_PRODUCTS_DIR)/Neverland.app/Neverland";
			};
			name = Release;
		};
		17A56C152034640B00A4FC72 /* Debug */ = {
			isa = XCBuildConfiguration;
			baseConfigurationReference = AAD522AEDC33965EE085D77E /* Pods-NeverlandUITests.debug.xcconfig */;
			buildSettings = {
				ALWAYS_EMBED_SWIFT_STANDARD_LIBRARIES = YES;
				CODE_SIGN_STYLE = Automatic;
				DEVELOPMENT_TEAM = G3374269S2;
				INFOPLIST_FILE = NeverlandUITests/Info.plist;
				LD_RUNPATH_SEARCH_PATHS = "$(inherited) @executable_path/Frameworks @loader_path/Frameworks";
				PRODUCT_BUNDLE_IDENTIFIER = ee.knk.NeverlandUITests;
				PRODUCT_NAME = "$(TARGET_NAME)";
				SWIFT_VERSION = 4.0;
				TARGETED_DEVICE_FAMILY = "1,2";
				TEST_TARGET_NAME = Neverland;
			};
			name = Debug;
		};
		17A56C162034640B00A4FC72 /* Release */ = {
			isa = XCBuildConfiguration;
			baseConfigurationReference = 93825C63808762564C05BE72 /* Pods-NeverlandUITests.release.xcconfig */;
			buildSettings = {
				ALWAYS_EMBED_SWIFT_STANDARD_LIBRARIES = YES;
				CODE_SIGN_STYLE = Automatic;
				DEVELOPMENT_TEAM = G3374269S2;
				INFOPLIST_FILE = NeverlandUITests/Info.plist;
				LD_RUNPATH_SEARCH_PATHS = "$(inherited) @executable_path/Frameworks @loader_path/Frameworks";
				PRODUCT_BUNDLE_IDENTIFIER = ee.knk.NeverlandUITests;
				PRODUCT_NAME = "$(TARGET_NAME)";
				SWIFT_VERSION = 4.0;
				TARGETED_DEVICE_FAMILY = "1,2";
				TEST_TARGET_NAME = Neverland;
			};
			name = Release;
		};
/* End XCBuildConfiguration section */

/* Begin XCConfigurationList section */
		17A56BDF2034640A00A4FC72 /* Build configuration list for PBXProject "Neverland" */ = {
			isa = XCConfigurationList;
			buildConfigurations = (
				17A56C0C2034640B00A4FC72 /* Debug */,
				17A56C0D2034640B00A4FC72 /* Release */,
			);
			defaultConfigurationIsVisible = 0;
			defaultConfigurationName = Release;
		};
		17A56C0E2034640B00A4FC72 /* Build configuration list for PBXNativeTarget "Neverland" */ = {
			isa = XCConfigurationList;
			buildConfigurations = (
				17A56C0F2034640B00A4FC72 /* Debug */,
				17A56C102034640B00A4FC72 /* Release */,
			);
			defaultConfigurationIsVisible = 0;
			defaultConfigurationName = Release;
		};
		17A56C112034640B00A4FC72 /* Build configuration list for PBXNativeTarget "NeverlandTests" */ = {
			isa = XCConfigurationList;
			buildConfigurations = (
				17A56C122034640B00A4FC72 /* Debug */,
				17A56C132034640B00A4FC72 /* Release */,
			);
			defaultConfigurationIsVisible = 0;
			defaultConfigurationName = Release;
		};
		17A56C142034640B00A4FC72 /* Build configuration list for PBXNativeTarget "NeverlandUITests" */ = {
			isa = XCConfigurationList;
			buildConfigurations = (
				17A56C152034640B00A4FC72 /* Debug */,
				17A56C162034640B00A4FC72 /* Release */,
			);
			defaultConfigurationIsVisible = 0;
			defaultConfigurationName = Release;
		};
/* End XCConfigurationList section */
	};
	rootObject = 17A56BDC2034640A00A4FC72 /* Project object */;
}
