PODS:
  - CommonCryptoModule (1.0.2)
  - DropDown (2.0.2)
  - PopupDialog (0.6.2)
  - SCLAlertView (0.7.0)

DEPENDENCIES:
  - CommonCryptoModule (~> 1.0.1)
  - DropDown
  - PopupDialog (~> 0.6)
  - SCLAlertView

SPEC CHECKSUMS:
  CommonCryptoModule: 63a68b57abed79655b3a01011419bf037a05b0a0
  DropDown: 75562633a203f57a917021b4edb96c76f293b0ec
  PopupDialog: d4336d7274a6aa3af4cb26d8b6691510eba90cc3
  SCLAlertView: 8a14ffc40590c619e183eed2298b854385f30be1

PODFILE CHECKSUM: db69f3ab8d57c9d56fd6a327478b7d0dcb68a77a

COCOAPODS: 1.2.1
