PODS:
  - Alamofire (4.6.0)
  - CommonCryptoModule (1.0.2)
  - DropDown (2.0.2)
  - PopupDialog (0.6.2)
  - SCLAlertView (0.7.0)

DEPENDENCIES:
  - Alamofire (~> 4.5)
  - CommonCryptoModule (~> 1.0.1)
  - DropDown
  - PopupDialog (~> 0.6)
  - SCLAlertView

SPEC CHECKSUMS:
  Alamofire: f41a599bd63041760b26d393ec1069d9d7b917f4
  CommonCryptoModule: 63a68b57abed79655b3a01011419bf037a05b0a0
  DropDown: 75562633a203f57a917021b4edb96c76f293b0ec
  PopupDialog: d4336d7274a6aa3af4cb26d8b6691510eba90cc3
  SCLAlertView: 8a14ffc40590c619e183eed2298b854385f30be1

PODFILE CHECKSUM: 416db2ed42c9f14699f994af57cba9a93ba28842

COCOAPODS: 1.2.1
